
Microsoft Visual Studio Solution File, Format Version 12.00
# Visual Studio Version 16
VisualStudioVersion = 16.0.30804.86
MinimumVisualStudioVersion = 10.0.40219.1
Project("{FAE04EC0-301F-11D3-BF4B-00C04F79EFBC}") = "Lab4", "Lab4\Lab4.csproj", "{E7C0FC40-D1D7-4324-A154-0E9A3A91D46D}"
EndProject
Global
	GlobalSection(SolutionConfigurationPlatforms) = preSolution
		Debug|Any CPU = Debug|Any CPU
		Release|Any CPU = Release|Any CPU
	EndGlobalSection
	GlobalSection(ProjectConfigurationPlatforms) = postSolution
		{E7C0FC40-D1D7-4324-A154-0E9A3A91D46D}.Debug|Any CPU.ActiveCfg = Debug|Any CPU
		{E7C0FC40-D1D7-4324-A154-0E9A3A91D46D}.Debug|Any CPU.Build.0 = Debug|Any CPU
		{E7C0FC40-D1D7-4324-A154-0E9A3A91D46D}.Release|Any CPU.ActiveCfg = Release|Any CPU
		{E7C0FC40-D1D7-4324-A154-0E9A3A91D46D}.Release|Any CPU.Build.0 = Release|Any CPU
	EndGlobalSection
	GlobalSection(SolutionProperties) = preSolution
		HideSolutionNode = FALSE
	EndGlobalSection
	GlobalSection(ExtensibilityGlobals) = postSolution
		SolutionGuid = {76E3490B-8682-452B-80D9-E0C2A8F472FA}
	EndGlobalSection
EndGlobal
