
Microsoft Visual Studio Solution File, Format Version 12.00
# Visual Studio Version 16
VisualStudioVersion = 16.0.30413.136
MinimumVisualStudioVersion = 10.0.40219.1
Project("{FAE04EC0-301F-11D3-BF4B-00C04F79EFBC}") = "Prog0", "Prog0\Prog0.csproj", "{F4F6AAF6-E921-4D7D-95C9-41E67EC4E4FA}"
EndProject
Global
	GlobalSection(SolutionConfigurationPlatforms) = preSolution
		Debug|Any CPU = Debug|Any CPU
		Release|Any CPU = Release|Any CPU
	EndGlobalSection
	GlobalSection(ProjectConfigurationPlatforms) = postSolution
		{F4F6AAF6-E921-4D7D-95C9-41E67EC4E4FA}.Debug|Any CPU.ActiveCfg = Debug|Any CPU
		{F4F6AAF6-E921-4D7D-95C9-41E67EC4E4FA}.Debug|Any CPU.Build.0 = Debug|Any CPU
		{F4F6AAF6-E921-4D7D-95C9-41E67EC4E4FA}.Release|Any CPU.ActiveCfg = Release|Any CPU
		{F4F6AAF6-E921-4D7D-95C9-41E67EC4E4FA}.Release|Any CPU.Build.0 = Release|Any CPU
	EndGlobalSection
	GlobalSection(SolutionProperties) = preSolution
		HideSolutionNode = FALSE
	EndGlobalSection
	GlobalSection(ExtensibilityGlobals) = postSolution
		SolutionGuid = {2A320FB1-466A-4E1D-B575-C06848584034}
	EndGlobalSection
EndGlobal
