
Microsoft Visual Studio Solution File, Format Version 12.00
# Visual Studio Version 16
VisualStudioVersion = 16.0.30804.86
MinimumVisualStudioVersion = 10.0.40219.1
Project("{FAE04EC0-301F-11D3-BF4B-00C04F79EFBC}") = "Lab8", "Lab8\Lab8.csproj", "{F8D3C58C-8661-42A8-AA68-4C3521AD2D10}"
EndProject
Global
	GlobalSection(SolutionConfigurationPlatforms) = preSolution
		Debug|Any CPU = Debug|Any CPU
		Release|Any CPU = Release|Any CPU
	EndGlobalSection
	GlobalSection(ProjectConfigurationPlatforms) = postSolution
		{F8D3C58C-8661-42A8-AA68-4C3521AD2D10}.Debug|Any CPU.ActiveCfg = Debug|Any CPU
		{F8D3C58C-8661-42A8-AA68-4C3521AD2D10}.Debug|Any CPU.Build.0 = Debug|Any CPU
		{F8D3C58C-8661-42A8-AA68-4C3521AD2D10}.Release|Any CPU.ActiveCfg = Release|Any CPU
		{F8D3C58C-8661-42A8-AA68-4C3521AD2D10}.Release|Any CPU.Build.0 = Release|Any CPU
	EndGlobalSection
	GlobalSection(SolutionProperties) = preSolution
		HideSolutionNode = FALSE
	EndGlobalSection
	GlobalSection(ExtensibilityGlobals) = postSolution
		SolutionGuid = {ED891BA1-946E-4D75-8A46-5632EE0BEC98}
	EndGlobalSection
EndGlobal
