
Microsoft Visual Studio Solution File, Format Version 12.00
# Visual Studio Version 16
VisualStudioVersion = 16.0.29418.71
MinimumVisualStudioVersion = 10.0.40219.1
Project("{FAE04EC0-301F-11D3-BF4B-00C04F79EFBC}") = "Lab1", "Lab1\Lab1.csproj", "{4CFB3771-BF31-4FF1-BDE0-BE52096F465C}"
EndProject
Global
	GlobalSection(SolutionConfigurationPlatforms) = preSolution
		Debug|Any CPU = Debug|Any CPU
		Release|Any CPU = Release|Any CPU
	EndGlobalSection
	GlobalSection(ProjectConfigurationPlatforms) = postSolution
		{4CFB3771-BF31-4FF1-BDE0-BE52096F465C}.Debug|Any CPU.ActiveCfg = Debug|Any CPU
		{4CFB3771-BF31-4FF1-BDE0-BE52096F465C}.Debug|Any CPU.Build.0 = Debug|Any CPU
		{4CFB3771-BF31-4FF1-BDE0-BE52096F465C}.Release|Any CPU.ActiveCfg = Release|Any CPU
		{4CFB3771-BF31-4FF1-BDE0-BE52096F465C}.Release|Any CPU.Build.0 = Release|Any CPU
	EndGlobalSection
	GlobalSection(SolutionProperties) = preSolution
		HideSolutionNode = FALSE
	EndGlobalSection
	GlobalSection(ExtensibilityGlobals) = postSolution
		SolutionGuid = {A206C9AF-2F35-47F9-9B46-82F972C1EB3E}
	EndGlobalSection
EndGlobal
