
Microsoft Visual Studio Solution File, Format Version 12.00
# Visual Studio Version 16
VisualStudioVersion = 16.0.30804.86
MinimumVisualStudioVersion = 10.0.40219.1
Project("{FAE04EC0-301F-11D3-BF4B-00C04F79EFBC}") = "Prog1", "Prog1\Prog1.csproj", "{ED9E88C3-3053-489A-9B46-3FBB6F6467E0}"
EndProject
Global
	GlobalSection(SolutionConfigurationPlatforms) = preSolution
		Debug|Any CPU = Debug|Any CPU
		Release|Any CPU = Release|Any CPU
	EndGlobalSection
	GlobalSection(ProjectConfigurationPlatforms) = postSolution
		{ED9E88C3-3053-489A-9B46-3FBB6F6467E0}.Debug|Any CPU.ActiveCfg = Debug|Any CPU
		{ED9E88C3-3053-489A-9B46-3FBB6F6467E0}.Debug|Any CPU.Build.0 = Debug|Any CPU
		{ED9E88C3-3053-489A-9B46-3FBB6F6467E0}.Release|Any CPU.ActiveCfg = Release|Any CPU
		{ED9E88C3-3053-489A-9B46-3FBB6F6467E0}.Release|Any CPU.Build.0 = Release|Any CPU
	EndGlobalSection
	GlobalSection(SolutionProperties) = preSolution
		HideSolutionNode = FALSE
	EndGlobalSection
	GlobalSection(ExtensibilityGlobals) = postSolution
		SolutionGuid = {C0F2E68D-7629-433B-9173-B7BBBF19CE63}
	EndGlobalSection
EndGlobal
